
Microsoft Visual Studio Solution File, Format Version 12.00
# Visual Studio Version 17
VisualStudioVersion = 17.10.34928.147
MinimumVisualStudioVersion = 10.0.40219.1
Project("{2150E333-8FDC-42A3-9474-1A3956D46DE8}") = "Cores", "Cores", "{D5C137A5-986C-4295-8ED0-DE6049417DBC}"
EndProject
Project("{2150E333-8FDC-42A3-9474-1A3956D46DE8}") = "Tests", "Tests", "{AFB28E8C-10A8-477E-8AED-079D54D2E898}"
EndProject
Project("{2150E333-8FDC-42A3-9474-1A3956D46DE8}") = "Presentation", "Presentation", "{E421E068-7686-4131-A631-BBD1BDF3AF02}"
EndProject
Project("{2150E333-8FDC-42A3-9474-1A3956D46DE8}") = "Infrastructure", "Infrastructure", "{81D44F48-E174-477F-A447-C726617B9009}"
EndProject
Project("{9A19103F-16F7-4668-BE54-9A1E7A4F7556}") = "Library.Domain", "Cores\Library.Domain\Library.Domain.csproj", "{D905279D-DDC9-4A19-A0CB-47D7E30D0887}"
EndProject
Project("{9A19103F-16F7-4668-BE54-9A1E7A4F7556}") = "Library.WebAPI", "Presentation\Library.WebAPI\Library.WebAPI.csproj", "{5BEC559E-C048-42AA-AFE7-AC4F2878253C}"
EndProject
Project("{9A19103F-16F7-4668-BE54-9A1E7A4F7556}") = "Library.Data", "Infrustructure\Library.Data\Library.Data.csproj", "{B620846C-EEC7-4977-BC72-74D6537609FF}"
EndProject
Project("{9A19103F-16F7-4668-BE54-9A1E7A4F7556}") = "Library.Application", "Cores\Library.Application\Library.Application.csproj", "{A6DCD4AF-4F75-49D0-8395-4831D66D22EC}"
EndProject
Project("{E53339B2-1760-4266-BCC7-CA923CBCF16C}") = "docker-compose", "docker-compose.dcproj", "{1D179CF7-D5C0-4AE1-B654-F713D67D5ABF}"
EndProject
Project("{FAE04EC0-301F-11D3-BF4B-00C04F79EFBC}") = "Library.Tests", "..\Library.Tests\Library.Tests.csproj", "{E79751AA-1903-4477-A7B3-50AC269C1951}"
EndProject
Global
	GlobalSection(SolutionConfigurationPlatforms) = preSolution
		Debug|Any CPU = Debug|Any CPU
		Release|Any CPU = Release|Any CPU
	EndGlobalSection
	GlobalSection(ProjectConfigurationPlatforms) = postSolution
		{D905279D-DDC9-4A19-A0CB-47D7E30D0887}.Debug|Any CPU.ActiveCfg = Debug|Any CPU
		{D905279D-DDC9-4A19-A0CB-47D7E30D0887}.Debug|Any CPU.Build.0 = Debug|Any CPU
		{D905279D-DDC9-4A19-A0CB-47D7E30D0887}.Release|Any CPU.ActiveCfg = Release|Any CPU
		{D905279D-DDC9-4A19-A0CB-47D7E30D0887}.Release|Any CPU.Build.0 = Release|Any CPU
		{5BEC559E-C048-42AA-AFE7-AC4F2878253C}.Debug|Any CPU.ActiveCfg = Debug|Any CPU
		{5BEC559E-C048-42AA-AFE7-AC4F2878253C}.Debug|Any CPU.Build.0 = Debug|Any CPU
		{5BEC559E-C048-42AA-AFE7-AC4F2878253C}.Release|Any CPU.ActiveCfg = Release|Any CPU
		{5BEC559E-C048-42AA-AFE7-AC4F2878253C}.Release|Any CPU.Build.0 = Release|Any CPU
		{B620846C-EEC7-4977-BC72-74D6537609FF}.Debug|Any CPU.ActiveCfg = Debug|Any CPU
		{B620846C-EEC7-4977-BC72-74D6537609FF}.Debug|Any CPU.Build.0 = Debug|Any CPU
		{B620846C-EEC7-4977-BC72-74D6537609FF}.Release|Any CPU.ActiveCfg = Release|Any CPU
		{B620846C-EEC7-4977-BC72-74D6537609FF}.Release|Any CPU.Build.0 = Release|Any CPU
		{A6DCD4AF-4F75-49D0-8395-4831D66D22EC}.Debug|Any CPU.ActiveCfg = Debug|Any CPU
		{A6DCD4AF-4F75-49D0-8395-4831D66D22EC}.Debug|Any CPU.Build.0 = Debug|Any CPU
		{A6DCD4AF-4F75-49D0-8395-4831D66D22EC}.Release|Any CPU.ActiveCfg = Release|Any CPU
		{A6DCD4AF-4F75-49D0-8395-4831D66D22EC}.Release|Any CPU.Build.0 = Release|Any CPU
		{1D179CF7-D5C0-4AE1-B654-F713D67D5ABF}.Debug|Any CPU.ActiveCfg = Debug|Any CPU
		{1D179CF7-D5C0-4AE1-B654-F713D67D5ABF}.Debug|Any CPU.Build.0 = Debug|Any CPU
		{1D179CF7-D5C0-4AE1-B654-F713D67D5ABF}.Release|Any CPU.ActiveCfg = Release|Any CPU
		{1D179CF7-D5C0-4AE1-B654-F713D67D5ABF}.Release|Any CPU.Build.0 = Release|Any CPU
		{E79751AA-1903-4477-A7B3-50AC269C1951}.Debug|Any CPU.ActiveCfg = Debug|Any CPU
		{E79751AA-1903-4477-A7B3-50AC269C1951}.Debug|Any CPU.Build.0 = Debug|Any CPU
		{E79751AA-1903-4477-A7B3-50AC269C1951}.Release|Any CPU.ActiveCfg = Release|Any CPU
		{E79751AA-1903-4477-A7B3-50AC269C1951}.Release|Any CPU.Build.0 = Release|Any CPU
	EndGlobalSection
	GlobalSection(SolutionProperties) = preSolution
		HideSolutionNode = FALSE
	EndGlobalSection
	GlobalSection(NestedProjects) = preSolution
		{D905279D-DDC9-4A19-A0CB-47D7E30D0887} = {D5C137A5-986C-4295-8ED0-DE6049417DBC}
		{5BEC559E-C048-42AA-AFE7-AC4F2878253C} = {E421E068-7686-4131-A631-BBD1BDF3AF02}
		{B620846C-EEC7-4977-BC72-74D6537609FF} = {81D44F48-E174-477F-A447-C726617B9009}
		{A6DCD4AF-4F75-49D0-8395-4831D66D22EC} = {D5C137A5-986C-4295-8ED0-DE6049417DBC}
		{E79751AA-1903-4477-A7B3-50AC269C1951} = {AFB28E8C-10A8-477E-8AED-079D54D2E898}
	EndGlobalSection
	GlobalSection(ExtensibilityGlobals) = postSolution
		SolutionGuid = {786574B7-B08C-41B1-B990-95500A780BB4}
	EndGlobalSection
EndGlobal
